// !$*UTF8*$!
{
	archiveVersion = 1;
	classes = {
	};
	objectVersion = 46;
	objects = {

/* Begin PBXBuildFile section */
		BE1DE700214E48528F84B761 /* libPods.a in Frameworks */ = {isa = PBXBuildFile; fileRef = 55A0B03D680A4613B49E5F4C /* libPods.a */; };
		F0688B95190CF1AA00E933F8 /* Foundation.framework in Frameworks */ = {isa = PBXBuildFile; fileRef = F0688B94190CF1AA00E933F8 /* Foundation.framework */; };
		F0688B97190CF1AA00E933F8 /* CoreGraphics.framework in Frameworks */ = {isa = PBXBuildFile; fileRef = F0688B96190CF1AA00E933F8 /* CoreGraphics.framework */; };
		F0688B99190CF1AA00E933F8 /* UIKit.framework in Frameworks */ = {isa = PBXBuildFile; fileRef = F0688B98190CF1AA00E933F8 /* UIKit.framework */; };
		F0688B9B190CF1AA00E933F8 /* CoreData.framework in Frameworks */ = {isa = PBXBuildFile; fileRef = F0688B9A190CF1AA00E933F8 /* CoreData.framework */; };
		F0688BA1190CF1AA00E933F8 /* InfoPlist.strings in Resources */ = {isa = PBXBuildFile; fileRef = F0688B9F190CF1AA00E933F8 /* InfoPlist.strings */; };
		F0688BA3190CF1AB00E933F8 /* main.m in Sources */ = {isa = PBXBuildFile; fileRef = F0688BA2190CF1AB00E933F8 /* main.m */; };
		F0688BA7190CF1AB00E933F8 /* RCAppDelegate.m in Sources */ = {isa = PBXBuildFile; fileRef = F0688BA6190CF1AB00E933F8 /* RCAppDelegate.m */; };
		F0688BAA190CF1AB00E933F8 /* Main.storyboard in Resources */ = {isa = PBXBuildFile; fileRef = F0688BA8190CF1AB00E933F8 /* Main.storyboard */; };
		F0688BAD190CF1AB00E933F8 /* RainbowChat.xcdatamodeld in Sources */ = {isa = PBXBuildFile; fileRef = F0688BAB190CF1AB00E933F8 /* RainbowChat.xcdatamodeld */; };
		F0688BB0190CF1AB00E933F8 /* RCMasterViewController.m in Sources */ = {isa = PBXBuildFile; fileRef = F0688BAF190CF1AB00E933F8 /* RCMasterViewController.m */; };
		F0688BB3190CF1AB00E933F8 /* RCDetailViewController.m in Sources */ = {isa = PBXBuildFile; fileRef = F0688BB2190CF1AB00E933F8 /* RCDetailViewController.m */; };
		F0688BB5190CF1AB00E933F8 /* Images.xcassets in Resources */ = {isa = PBXBuildFile; fileRef = F0688BB4190CF1AB00E933F8 /* Images.xcassets */; };
		F0688BBC190CF1AB00E933F8 /* XCTest.framework in Frameworks */ = {isa = PBXBuildFile; fileRef = F0688BBB190CF1AB00E933F8 /* XCTest.framework */; };
		F0688BBD190CF1AB00E933F8 /* Foundation.framework in Frameworks */ = {isa = PBXBuildFile; fileRef = F0688B94190CF1AA00E933F8 /* Foundation.framework */; };
		F0688BBE190CF1AB00E933F8 /* UIKit.framework in Frameworks */ = {isa = PBXBuildFile; fileRef = F0688B98190CF1AA00E933F8 /* UIKit.framework */; };
		F0688BBF190CF1AB00E933F8 /* CoreData.framework in Frameworks */ = {isa = PBXBuildFile; fileRef = F0688B9A190CF1AA00E933F8 /* CoreData.framework */; };
		F0688BC7190CF1AB00E933F8 /* InfoPlist.strings in Resources */ = {isa = PBXBuildFile; fileRef = F0688BC5190CF1AB00E933F8 /* InfoPlist.strings */; };
		F0688BC9190CF1AB00E933F8 /* RainbowChatTests.m in Sources */ = {isa = PBXBuildFile; fileRef = F0688BC8190CF1AB00E933F8 /* RainbowChatTests.m */; };
		F0B2DADC191A33BE00226963 /* FFEF.framework in Frameworks */ = {isa = PBXBuildFile; fileRef = F0B2DADB191A33BE00226963 /* FFEF.framework */; };
		F0B2DAE0191A3A1300226963 /* RCFatFractal.m in Sources */ = {isa = PBXBuildFile; fileRef = F0B2DADF191A3A1300226963 /* RCFatFractal.m */; };
		F0B2DAE6191A3FE000226963 /* RCWelcomeViewController.m in Sources */ = {isa = PBXBuildFile; fileRef = F0B2DAE5191A3FE000226963 /* RCWelcomeViewController.m */; };
		F0B2DAE9191A400900226963 /* RCSignupViewController.m in Sources */ = {isa = PBXBuildFile; fileRef = F0B2DAE8191A400900226963 /* RCSignupViewController.m */; };
		F0B2DAEC191A401D00226963 /* RCLoginViewController.m in Sources */ = {isa = PBXBuildFile; fileRef = F0B2DAEB191A401D00226963 /* RCLoginViewController.m */; };
		F0B2DAF6191CA2DE00226963 /* KeychainItemWrapper.m in Sources */ = {isa = PBXBuildFile; fileRef = F0B2DAF5191CA2DE00226963 /* KeychainItemWrapper.m */; };
		F0BB8FB71929F700001FCF16 /* Main.storyboard in Resources */ = {isa = PBXBuildFile; fileRef = F0688BA8190CF1AB00E933F8 /* Main.storyboard */; };
		F0BB8FBB192A5C57001FCF16 /* MobileCoreServices.framework in Frameworks */ = {isa = PBXBuildFile; fileRef = F0BB8FBA192A5C57001FCF16 /* MobileCoreServices.framework */; };
		F0BB8FBE192A5F9E001FCF16 /* RCVideoProcessor.m in Sources */ = {isa = PBXBuildFile; fileRef = F0BB8FBD192A5F9E001FCF16 /* RCVideoProcessor.m */; };
		F0BB8FBF192A5F9E001FCF16 /* RCVideoProcessor.m in Sources */ = {isa = PBXBuildFile; fileRef = F0BB8FBD192A5F9E001FCF16 /* RCVideoProcessor.m */; };
		F0BB8FC2192B1369001FCF16 /* RCPreviewView.m in Sources */ = {isa = PBXBuildFile; fileRef = F0BB8FC1192B1369001FCF16 /* RCPreviewView.m */; };
		F0BB8FC3192B1369001FCF16 /* RCPreviewView.m in Sources */ = {isa = PBXBuildFile; fileRef = F0BB8FC1192B1369001FCF16 /* RCPreviewView.m */; };
		F0BB8FC81930A316001FCF16 /* ShaderUtilities.c in Sources */ = {isa = PBXBuildFile; fileRef = F0BB8FC41930A316001FCF16 /* ShaderUtilities.c */; };
		F0BB8FC91930A316001FCF16 /* ShaderUtilities.c in Sources */ = {isa = PBXBuildFile; fileRef = F0BB8FC41930A316001FCF16 /* ShaderUtilities.c */; };
		F0BB8FCA1930A316001FCF16 /* passThrough.fsh in Resources */ = {isa = PBXBuildFile; fileRef = F0BB8FC61930A316001FCF16 /* passThrough.fsh */; };
		F0BB8FCB1930A316001FCF16 /* passThrough.fsh in Resources */ = {isa = PBXBuildFile; fileRef = F0BB8FC61930A316001FCF16 /* passThrough.fsh */; };
		F0BB8FCC1930A316001FCF16 /* passThrough.vsh in Resources */ = {isa = PBXBuildFile; fileRef = F0BB8FC71930A316001FCF16 /* passThrough.vsh */; };
		F0BB8FCD1930A316001FCF16 /* passThrough.vsh in Resources */ = {isa = PBXBuildFile; fileRef = F0BB8FC71930A316001FCF16 /* passThrough.vsh */; };
		F0BB8FCF1930A5D6001FCF16 /* OpenGLES.framework in Frameworks */ = {isa = PBXBuildFile; fileRef = F0BB8FCE1930A5D6001FCF16 /* OpenGLES.framework */; };
		F0BB8FD11930A5FC001FCF16 /* QuartzCore.framework in Frameworks */ = {isa = PBXBuildFile; fileRef = F0BB8FD01930A5FC001FCF16 /* QuartzCore.framework */; };
		F0BB8FD31930A609001FCF16 /* AssetsLibrary.framework in Frameworks */ = {isa = PBXBuildFile; fileRef = F0BB8FD21930A609001FCF16 /* AssetsLibrary.framework */; };
		F0BB8FD51930A611001FCF16 /* CoreMedia.framework in Frameworks */ = {isa = PBXBuildFile; fileRef = F0BB8FD41930A611001FCF16 /* CoreMedia.framework */; };
		F0BB8FD71930A61C001FCF16 /* CoreVideo.framework in Frameworks */ = {isa = PBXBuildFile; fileRef = F0BB8FD61930A61C001FCF16 /* CoreVideo.framework */; };
		F0BB8FD91930A66A001FCF16 /* MediaPlayer.framework in Frameworks */ = {isa = PBXBuildFile; fileRef = F0BB8FD81930A66A001FCF16 /* MediaPlayer.framework */; };
		F0C50068193EF3BB00A3F63D /* Quickblox.framework in Frameworks */ = {isa = PBXBuildFile; fileRef = F0C50067193EF3BB00A3F63D /* Quickblox.framework */; };
		F0C50069193EF3BB00A3F63D /* Quickblox.framework in Frameworks */ = {isa = PBXBuildFile; fileRef = F0C50067193EF3BB00A3F63D /* Quickblox.framework */; };
		F0C5006B193EF3E500A3F63D /* CFNetwork.framework in Frameworks */ = {isa = PBXBuildFile; fileRef = F0C5006A193EF3E500A3F63D /* CFNetwork.framework */; };
		F0C5006D193EF3EF00A3F63D /* SystemConfiguration.framework in Frameworks */ = {isa = PBXBuildFile; fileRef = F0C5006C193EF3EF00A3F63D /* SystemConfiguration.framework */; };
		F0C5006F193EF40900A3F63D /* CoreLocation.framework in Frameworks */ = {isa = PBXBuildFile; fileRef = F0C5006E193EF40900A3F63D /* CoreLocation.framework */; };
		F0C50071193EF41F00A3F63D /* AudioToolbox.framework in Frameworks */ = {isa = PBXBuildFile; fileRef = F0C50070193EF41F00A3F63D /* AudioToolbox.framework */; };
		F0C50073193EF42C00A3F63D /* Accelerate.framework in Frameworks */ = {isa = PBXBuildFile; fileRef = F0C50072193EF42B00A3F63D /* Accelerate.framework */; };
		F0C50075193EF43D00A3F63D /* Security.framework in Frameworks */ = {isa = PBXBuildFile; fileRef = F0C50074193EF43D00A3F63D /* Security.framework */; };
		F0C50077193EF45B00A3F63D /* libz.1.2.5.dylib in Frameworks */ = {isa = PBXBuildFile; fileRef = F0C50076193EF45B00A3F63D /* libz.1.2.5.dylib */; };
		F0C50079193EF46900A3F63D /* libxml2.dylib in Frameworks */ = {isa = PBXBuildFile; fileRef = F0C50078193EF46800A3F63D /* libxml2.dylib */; };
		F0C5007B193EF47A00A3F63D /* libresolv.dylib in Frameworks */ = {isa = PBXBuildFile; fileRef = F0C5007A193EF47A00A3F63D /* libresolv.dylib */; };
		F0C729341945B9D00093DD75 /* CoreDataStack.m in Sources */ = {isa = PBXBuildFile; fileRef = F0C729331945B9D00093DD75 /* CoreDataStack.m */; };
		F0C729351945B9D00093DD75 /* CoreDataStack.m in Sources */ = {isa = PBXBuildFile; fileRef = F0C729331945B9D00093DD75 /* CoreDataStack.m */; };
		F0C729381946B5CD0093DD75 /* RCVideo.m in Sources */ = {isa = PBXBuildFile; fileRef = F0C729371946B5CD0093DD75 /* RCVideo.m */; };
		F0C729391946B5CD0093DD75 /* RCVideo.m in Sources */ = {isa = PBXBuildFile; fileRef = F0C729371946B5CD0093DD75 /* RCVideo.m */; };
		F0C7293C1946B5CD0093DD75 /* RCUser.m in Sources */ = {isa = PBXBuildFile; fileRef = F0C7293B1946B5CD0093DD75 /* RCUser.m */; };
		F0C7293D1946B5CD0093DD75 /* RCUser.m in Sources */ = {isa = PBXBuildFile; fileRef = F0C7293B1946B5CD0093DD75 /* RCUser.m */; };
		F0D02F701920B76B005F3422 /* AVFoundation.framework in Frameworks */ = {isa = PBXBuildFile; fileRef = F0D02F6F1920B76B005F3422 /* AVFoundation.framework */; };
		F0FCCCCF19211E4E00B9CF7D /* RCDetailViewController.m in Sources */ = {isa = PBXBuildFile; fileRef = F0688BB2190CF1AB00E933F8 /* RCDetailViewController.m */; };
		F0FCCCD71921E97D00B9CF7D /* RCConstant.m in Sources */ = {isa = PBXBuildFile; fileRef = F0FCCCD61921E97D00B9CF7D /* RCConstant.m */; };
		F0FCCCD81921E97D00B9CF7D /* RCConstant.m in Sources */ = {isa = PBXBuildFile; fileRef = F0FCCCD61921E97D00B9CF7D /* RCConstant.m */; };
		F0FCCCDB1921EB7D00B9CF7D /* RCUtility.m in Sources */ = {isa = PBXBuildFile; fileRef = F0FCCCDA1921EB7D00B9CF7D /* RCUtility.m */; };
		F0FCCCDC1921EB7D00B9CF7D /* RCUtility.m in Sources */ = {isa = PBXBuildFile; fileRef = F0FCCCDA1921EB7D00B9CF7D /* RCUtility.m */; };
		F0FCCCDF1921EC0C00B9CF7D /* AmazonClientManager.m in Sources */ = {isa = PBXBuildFile; fileRef = F0FCCCDE1921EC0C00B9CF7D /* AmazonClientManager.m */; };
		F0FCCCE01921EC0C00B9CF7D /* AmazonClientManager.m in Sources */ = {isa = PBXBuildFile; fileRef = F0FCCCDE1921EC0C00B9CF7D /* AmazonClientManager.m */; };
		F0FCCCE31921EC2A00B9CF7D /* AWSRuntime.framework in Frameworks */ = {isa = PBXBuildFile; fileRef = F0FCCCE11921EC2A00B9CF7D /* AWSRuntime.framework */; };
		F0FCCCE41921EC2A00B9CF7D /* AWSRuntime.framework in Frameworks */ = {isa = PBXBuildFile; fileRef = F0FCCCE11921EC2A00B9CF7D /* AWSRuntime.framework */; };
		F0FCCCE51921EC2A00B9CF7D /* AWSS3.framework in Frameworks */ = {isa = PBXBuildFile; fileRef = F0FCCCE21921EC2A00B9CF7D /* AWSS3.framework */; };
		F0FCCCE61921EC2A00B9CF7D /* AWSS3.framework in Frameworks */ = {isa = PBXBuildFile; fileRef = F0FCCCE21921EC2A00B9CF7D /* AWSS3.framework */; };
		F0FCCD001921FB6500B9CF7D /* AmazonKeyChainWrapper.m in Sources */ = {isa = PBXBuildFile; fileRef = F0FCCCE91921FB6500B9CF7D /* AmazonKeyChainWrapper.m */; };
		F0FCCD011921FB6500B9CF7D /* AmazonKeyChainWrapper.m in Sources */ = {isa = PBXBuildFile; fileRef = F0FCCCE91921FB6500B9CF7D /* AmazonKeyChainWrapper.m */; };
		F0FCCD021921FB6500B9CF7D /* AmazonTVMClient.m in Sources */ = {isa = PBXBuildFile; fileRef = F0FCCCEB1921FB6500B9CF7D /* AmazonTVMClient.m */; };
		F0FCCD031921FB6500B9CF7D /* AmazonTVMClient.m in Sources */ = {isa = PBXBuildFile; fileRef = F0FCCCEB1921FB6500B9CF7D /* AmazonTVMClient.m */; };
		F0FCCD041921FB6500B9CF7D /* Crypto.m in Sources */ = {isa = PBXBuildFile; fileRef = F0FCCCED1921FB6500B9CF7D /* Crypto.m */; };
		F0FCCD051921FB6500B9CF7D /* Crypto.m in Sources */ = {isa = PBXBuildFile; fileRef = F0FCCCED1921FB6500B9CF7D /* Crypto.m */; };
		F0FCCD061921FB6500B9CF7D /* GetTokenRequest.m in Sources */ = {isa = PBXBuildFile; fileRef = F0FCCCEF1921FB6500B9CF7D /* GetTokenRequest.m */; };
		F0FCCD071921FB6500B9CF7D /* GetTokenRequest.m in Sources */ = {isa = PBXBuildFile; fileRef = F0FCCCEF1921FB6500B9CF7D /* GetTokenRequest.m */; };
		F0FCCD081921FB6500B9CF7D /* GetTokenResponse.m in Sources */ = {isa = PBXBuildFile; fileRef = F0FCCCF11921FB6500B9CF7D /* GetTokenResponse.m */; };
		F0FCCD091921FB6500B9CF7D /* GetTokenResponse.m in Sources */ = {isa = PBXBuildFile; fileRef = F0FCCCF11921FB6500B9CF7D /* GetTokenResponse.m */; };
		F0FCCD0A1921FB6500B9CF7D /* GetTokenResponseHandler.m in Sources */ = {isa = PBXBuildFile; fileRef = F0FCCCF31921FB6500B9CF7D /* GetTokenResponseHandler.m */; };
		F0FCCD0B1921FB6500B9CF7D /* GetTokenResponseHandler.m in Sources */ = {isa = PBXBuildFile; fileRef = F0FCCCF31921FB6500B9CF7D /* GetTokenResponseHandler.m */; };
		F0FCCD0C1921FB6500B9CF7D /* JSONUtilities.m in Sources */ = {isa = PBXBuildFile; fileRef = F0FCCCF51921FB6500B9CF7D /* JSONUtilities.m */; };
		F0FCCD0D1921FB6500B9CF7D /* JSONUtilities.m in Sources */ = {isa = PBXBuildFile; fileRef = F0FCCCF51921FB6500B9CF7D /* JSONUtilities.m */; };
		F0FCCD0E1921FB6500B9CF7D /* RegisterDeviceRequest.m in Sources */ = {isa = PBXBuildFile; fileRef = F0FCCCF71921FB6500B9CF7D /* RegisterDeviceRequest.m */; };
		F0FCCD0F1921FB6500B9CF7D /* RegisterDeviceRequest.m in Sources */ = {isa = PBXBuildFile; fileRef = F0FCCCF71921FB6500B9CF7D /* RegisterDeviceRequest.m */; };
		F0FCCD101921FB6500B9CF7D /* RequestTVM.m in Sources */ = {isa = PBXBuildFile; fileRef = F0FCCCF91921FB6500B9CF7D /* RequestTVM.m */; };
		F0FCCD111921FB6500B9CF7D /* RequestTVM.m in Sources */ = {isa = PBXBuildFile; fileRef = F0FCCCF91921FB6500B9CF7D /* RequestTVM.m */; };
		F0FCCD121921FB6500B9CF7D /* RequestDelegate.m in Sources */ = {isa = PBXBuildFile; fileRef = F0FCCCFB1921FB6500B9CF7D /* RequestDelegate.m */; };
		F0FCCD131921FB6500B9CF7D /* RequestDelegate.m in Sources */ = {isa = PBXBuildFile; fileRef = F0FCCCFB1921FB6500B9CF7D /* RequestDelegate.m */; };
		F0FCCD141921FB6500B9CF7D /* Response.m in Sources */ = {isa = PBXBuildFile; fileRef = F0FCCCFD1921FB6500B9CF7D /* Response.m */; };
		F0FCCD151921FB6500B9CF7D /* Response.m in Sources */ = {isa = PBXBuildFile; fileRef = F0FCCCFD1921FB6500B9CF7D /* Response.m */; };
		F0FCCD161921FB6500B9CF7D /* ResponseHandler.m in Sources */ = {isa = PBXBuildFile; fileRef = F0FCCCFF1921FB6500B9CF7D /* ResponseHandler.m */; };
		F0FCCD171921FB6500B9CF7D /* ResponseHandler.m in Sources */ = {isa = PBXBuildFile; fileRef = F0FCCCFF1921FB6500B9CF7D /* ResponseHandler.m */; };
/* End PBXBuildFile section */

/* Begin PBXContainerItemProxy section */
		F0688BC0190CF1AB00E933F8 /* PBXContainerItemProxy */ = {
			isa = PBXContainerItemProxy;
			containerPortal = F0688B89190CF1AA00E933F8 /* Project object */;
			proxyType = 1;
			remoteGlobalIDString = F0688B90190CF1AA00E933F8;
			remoteInfo = RainbowChat;
		};
/* End PBXContainerItemProxy section */

/* Begin PBXFileReference section */
		1B0DCF6B15064A5EAC9DC14B /* Pods.xcconfig */ = {isa = PBXFileReference; includeInIndex = 1; lastKnownFileType = text.xcconfig; name = Pods.xcconfig; path = Pods/Pods.xcconfig; sourceTree = "<group>"; };
		55A0B03D680A4613B49E5F4C /* libPods.a */ = {isa = PBXFileReference; explicitFileType = archive.ar; includeInIndex = 0; path = libPods.a; sourceTree = BUILT_PRODUCTS_DIR; };
		F0688B91190CF1AA00E933F8 /* rainbowchat.app */ = {isa = PBXFileReference; explicitFileType = wrapper.application; includeInIndex = 0; path = rainbowchat.app; sourceTree = BUILT_PRODUCTS_DIR; };
		F0688B94190CF1AA00E933F8 /* Foundation.framework */ = {isa = PBXFileReference; lastKnownFileType = wrapper.framework; name = Foundation.framework; path = System/Library/Frameworks/Foundation.framework; sourceTree = SDKROOT; };
		F0688B96190CF1AA00E933F8 /* CoreGraphics.framework */ = {isa = PBXFileReference; lastKnownFileType = wrapper.framework; name = CoreGraphics.framework; path = System/Library/Frameworks/CoreGraphics.framework; sourceTree = SDKROOT; };
		F0688B98190CF1AA00E933F8 /* UIKit.framework */ = {isa = PBXFileReference; lastKnownFileType = wrapper.framework; name = UIKit.framework; path = System/Library/Frameworks/UIKit.framework; sourceTree = SDKROOT; };
		F0688B9A190CF1AA00E933F8 /* CoreData.framework */ = {isa = PBXFileReference; lastKnownFileType = wrapper.framework; name = CoreData.framework; path = System/Library/Frameworks/CoreData.framework; sourceTree = SDKROOT; };
		F0688B9E190CF1AA00E933F8 /* RainbowChat-Info.plist */ = {isa = PBXFileReference; lastKnownFileType = text.plist.xml; path = "RainbowChat-Info.plist"; sourceTree = "<group>"; };
		F0688BA0190CF1AA00E933F8 /* en */ = {isa = PBXFileReference; lastKnownFileType = text.plist.strings; name = en; path = en.lproj/InfoPlist.strings; sourceTree = "<group>"; };
		F0688BA2190CF1AB00E933F8 /* main.m */ = {isa = PBXFileReference; lastKnownFileType = sourcecode.c.objc; path = main.m; sourceTree = "<group>"; };
		F0688BA4190CF1AB00E933F8 /* RainbowChat-Prefix.pch */ = {isa = PBXFileReference; lastKnownFileType = sourcecode.c.h; path = "RainbowChat-Prefix.pch"; sourceTree = "<group>"; };
		F0688BA5190CF1AB00E933F8 /* RCAppDelegate.h */ = {isa = PBXFileReference; lastKnownFileType = sourcecode.c.h; path = RCAppDelegate.h; sourceTree = "<group>"; };
		F0688BA6190CF1AB00E933F8 /* RCAppDelegate.m */ = {isa = PBXFileReference; lastKnownFileType = sourcecode.c.objc; path = RCAppDelegate.m; sourceTree = "<group>"; };
		F0688BA9190CF1AB00E933F8 /* Base */ = {isa = PBXFileReference; lastKnownFileType = file.storyboard; name = Base; path = Base.lproj/Main.storyboard; sourceTree = "<group>"; };
		F0688BAC190CF1AB00E933F8 /* RainbowChat.xcdatamodel */ = {isa = PBXFileReference; lastKnownFileType = wrapper.xcdatamodel; path = RainbowChat.xcdatamodel; sourceTree = "<group>"; };
		F0688BAE190CF1AB00E933F8 /* RCMasterViewController.h */ = {isa = PBXFileReference; lastKnownFileType = sourcecode.c.h; path = RCMasterViewController.h; sourceTree = "<group>"; };
		F0688BAF190CF1AB00E933F8 /* RCMasterViewController.m */ = {isa = PBXFileReference; lastKnownFileType = sourcecode.c.objc; path = RCMasterViewController.m; sourceTree = "<group>"; };
		F0688BB1190CF1AB00E933F8 /* RCDetailViewController.h */ = {isa = PBXFileReference; lastKnownFileType = sourcecode.c.h; path = RCDetailViewController.h; sourceTree = "<group>"; };
		F0688BB2190CF1AB00E933F8 /* RCDetailViewController.m */ = {isa = PBXFileReference; lastKnownFileType = sourcecode.c.objc; path = RCDetailViewController.m; sourceTree = "<group>"; };
		F0688BB4190CF1AB00E933F8 /* Images.xcassets */ = {isa = PBXFileReference; lastKnownFileType = folder.assetcatalog; path = Images.xcassets; sourceTree = "<group>"; };
		F0688BBA190CF1AB00E933F8 /* RainbowChatTests.xctest */ = {isa = PBXFileReference; explicitFileType = wrapper.cfbundle; includeInIndex = 0; path = RainbowChatTests.xctest; sourceTree = BUILT_PRODUCTS_DIR; };
		F0688BBB190CF1AB00E933F8 /* XCTest.framework */ = {isa = PBXFileReference; lastKnownFileType = wrapper.framework; name = XCTest.framework; path = Library/Frameworks/XCTest.framework; sourceTree = DEVELOPER_DIR; };
		F0688BC4190CF1AB00E933F8 /* RainbowChatTests-Info.plist */ = {isa = PBXFileReference; lastKnownFileType = text.plist.xml; path = "RainbowChatTests-Info.plist"; sourceTree = "<group>"; };
		F0688BC6190CF1AB00E933F8 /* en */ = {isa = PBXFileReference; lastKnownFileType = text.plist.strings; name = en; path = en.lproj/InfoPlist.strings; sourceTree = "<group>"; };
		F0688BC8190CF1AB00E933F8 /* RainbowChatTests.m */ = {isa = PBXFileReference; lastKnownFileType = sourcecode.c.objc; path = RainbowChatTests.m; sourceTree = "<group>"; };
		F0B2DADB191A33BE00226963 /* FFEF.framework */ = {isa = PBXFileReference; lastKnownFileType = wrapper.framework; path = FFEF.framework; sourceTree = "<group>"; };
		F0B2DADE191A3A1300226963 /* RCFatFractal.h */ = {isa = PBXFileReference; fileEncoding = 4; lastKnownFileType = sourcecode.c.h; path = RCFatFractal.h; sourceTree = "<group>"; };
		F0B2DADF191A3A1300226963 /* RCFatFractal.m */ = {isa = PBXFileReference; fileEncoding = 4; lastKnownFileType = sourcecode.c.objc; path = RCFatFractal.m; sourceTree = "<group>"; };
		F0B2DAE4191A3FE000226963 /* RCWelcomeViewController.h */ = {isa = PBXFileReference; fileEncoding = 4; lastKnownFileType = sourcecode.c.h; path = RCWelcomeViewController.h; sourceTree = "<group>"; };
		F0B2DAE5191A3FE000226963 /* RCWelcomeViewController.m */ = {isa = PBXFileReference; fileEncoding = 4; lastKnownFileType = sourcecode.c.objc; path = RCWelcomeViewController.m; sourceTree = "<group>"; };
		F0B2DAE7191A400900226963 /* RCSignupViewController.h */ = {isa = PBXFileReference; fileEncoding = 4; lastKnownFileType = sourcecode.c.h; path = RCSignupViewController.h; sourceTree = "<group>"; };
		F0B2DAE8191A400900226963 /* RCSignupViewController.m */ = {isa = PBXFileReference; fileEncoding = 4; lastKnownFileType = sourcecode.c.objc; path = RCSignupViewController.m; sourceTree = "<group>"; };
		F0B2DAEA191A401D00226963 /* RCLoginViewController.h */ = {isa = PBXFileReference; fileEncoding = 4; lastKnownFileType = sourcecode.c.h; path = RCLoginViewController.h; sourceTree = "<group>"; };
		F0B2DAEB191A401D00226963 /* RCLoginViewController.m */ = {isa = PBXFileReference; fileEncoding = 4; lastKnownFileType = sourcecode.c.objc; path = RCLoginViewController.m; sourceTree = "<group>"; };
		F0B2DAF4191CA2DE00226963 /* KeychainItemWrapper.h */ = {isa = PBXFileReference; fileEncoding = 4; lastKnownFileType = sourcecode.c.h; path = KeychainItemWrapper.h; sourceTree = "<group>"; };
		F0B2DAF5191CA2DE00226963 /* KeychainItemWrapper.m */ = {isa = PBXFileReference; fileEncoding = 4; lastKnownFileType = sourcecode.c.objc; path = KeychainItemWrapper.m; sourceTree = "<group>"; };
		F0BB8FB9192A01D8001FCF16 /* en */ = {isa = PBXFileReference; lastKnownFileType = text.plist.strings; name = en; path = en.lproj/Main.strings; sourceTree = "<group>"; };
		F0BB8FBA192A5C57001FCF16 /* MobileCoreServices.framework */ = {isa = PBXFileReference; lastKnownFileType = wrapper.framework; name = MobileCoreServices.framework; path = System/Library/Frameworks/MobileCoreServices.framework; sourceTree = SDKROOT; };
		F0BB8FBC192A5F9E001FCF16 /* RCVideoProcessor.h */ = {isa = PBXFileReference; fileEncoding = 4; lastKnownFileType = sourcecode.c.h; path = RCVideoProcessor.h; sourceTree = "<group>"; };
		F0BB8FBD192A5F9E001FCF16 /* RCVideoProcessor.m */ = {isa = PBXFileReference; fileEncoding = 4; lastKnownFileType = sourcecode.c.objc; path = RCVideoProcessor.m; sourceTree = "<group>"; };
		F0BB8FC0192B1369001FCF16 /* RCPreviewView.h */ = {isa = PBXFileReference; fileEncoding = 4; lastKnownFileType = sourcecode.c.h; path = RCPreviewView.h; sourceTree = "<group>"; };
		F0BB8FC1192B1369001FCF16 /* RCPreviewView.m */ = {isa = PBXFileReference; fileEncoding = 4; lastKnownFileType = sourcecode.c.objc; path = RCPreviewView.m; sourceTree = "<group>"; };
		F0BB8FC41930A316001FCF16 /* ShaderUtilities.c */ = {isa = PBXFileReference; fileEncoding = 4; lastKnownFileType = sourcecode.c.c; path = ShaderUtilities.c; sourceTree = "<group>"; };
		F0BB8FC51930A316001FCF16 /* ShaderUtilities.h */ = {isa = PBXFileReference; fileEncoding = 4; lastKnownFileType = sourcecode.c.h; path = ShaderUtilities.h; sourceTree = "<group>"; };
		F0BB8FC61930A316001FCF16 /* passThrough.fsh */ = {isa = PBXFileReference; fileEncoding = 4; lastKnownFileType = sourcecode.glsl; path = passThrough.fsh; sourceTree = "<group>"; };
		F0BB8FC71930A316001FCF16 /* passThrough.vsh */ = {isa = PBXFileReference; fileEncoding = 4; lastKnownFileType = sourcecode.glsl; path = passThrough.vsh; sourceTree = "<group>"; };
		F0BB8FCE1930A5D6001FCF16 /* OpenGLES.framework */ = {isa = PBXFileReference; lastKnownFileType = wrapper.framework; name = OpenGLES.framework; path = System/Library/Frameworks/OpenGLES.framework; sourceTree = SDKROOT; };
		F0BB8FD01930A5FC001FCF16 /* QuartzCore.framework */ = {isa = PBXFileReference; lastKnownFileType = wrapper.framework; name = QuartzCore.framework; path = System/Library/Frameworks/QuartzCore.framework; sourceTree = SDKROOT; };
		F0BB8FD21930A609001FCF16 /* AssetsLibrary.framework */ = {isa = PBXFileReference; lastKnownFileType = wrapper.framework; name = AssetsLibrary.framework; path = System/Library/Frameworks/AssetsLibrary.framework; sourceTree = SDKROOT; };
		F0BB8FD41930A611001FCF16 /* CoreMedia.framework */ = {isa = PBXFileReference; lastKnownFileType = wrapper.framework; name = CoreMedia.framework; path = System/Library/Frameworks/CoreMedia.framework; sourceTree = SDKROOT; };
		F0BB8FD61930A61C001FCF16 /* CoreVideo.framework */ = {isa = PBXFileReference; lastKnownFileType = wrapper.framework; name = CoreVideo.framework; path = System/Library/Frameworks/CoreVideo.framework; sourceTree = SDKROOT; };
		F0BB8FD81930A66A001FCF16 /* MediaPlayer.framework */ = {isa = PBXFileReference; lastKnownFileType = wrapper.framework; name = MediaPlayer.framework; path = System/Library/Frameworks/MediaPlayer.framework; sourceTree = SDKROOT; };
		F0C50067193EF3BB00A3F63D /* Quickblox.framework */ = {isa = PBXFileReference; lastKnownFileType = wrapper.framework; path = Quickblox.framework; sourceTree = "<group>"; };
		F0C5006A193EF3E500A3F63D /* CFNetwork.framework */ = {isa = PBXFileReference; lastKnownFileType = wrapper.framework; name = CFNetwork.framework; path = System/Library/Frameworks/CFNetwork.framework; sourceTree = SDKROOT; };
		F0C5006C193EF3EF00A3F63D /* SystemConfiguration.framework */ = {isa = PBXFileReference; lastKnownFileType = wrapper.framework; name = SystemConfiguration.framework; path = System/Library/Frameworks/SystemConfiguration.framework; sourceTree = SDKROOT; };
		F0C5006E193EF40900A3F63D /* CoreLocation.framework */ = {isa = PBXFileReference; lastKnownFileType = wrapper.framework; name = CoreLocation.framework; path = System/Library/Frameworks/CoreLocation.framework; sourceTree = SDKROOT; };
		F0C50070193EF41F00A3F63D /* AudioToolbox.framework */ = {isa = PBXFileReference; lastKnownFileType = wrapper.framework; name = AudioToolbox.framework; path = System/Library/Frameworks/AudioToolbox.framework; sourceTree = SDKROOT; };
		F0C50072193EF42B00A3F63D /* Accelerate.framework */ = {isa = PBXFileReference; lastKnownFileType = wrapper.framework; name = Accelerate.framework; path = System/Library/Frameworks/Accelerate.framework; sourceTree = SDKROOT; };
		F0C50074193EF43D00A3F63D /* Security.framework */ = {isa = PBXFileReference; lastKnownFileType = wrapper.framework; name = Security.framework; path = System/Library/Frameworks/Security.framework; sourceTree = SDKROOT; };
		F0C50076193EF45B00A3F63D /* libz.1.2.5.dylib */ = {isa = PBXFileReference; lastKnownFileType = "compiled.mach-o.dylib"; name = libz.1.2.5.dylib; path = usr/lib/libz.1.2.5.dylib; sourceTree = SDKROOT; };
		F0C50078193EF46800A3F63D /* libxml2.dylib */ = {isa = PBXFileReference; lastKnownFileType = "compiled.mach-o.dylib"; name = libxml2.dylib; path = usr/lib/libxml2.dylib; sourceTree = SDKROOT; };
		F0C5007A193EF47A00A3F63D /* libresolv.dylib */ = {isa = PBXFileReference; lastKnownFileType = "compiled.mach-o.dylib"; name = libresolv.dylib; path = usr/lib/libresolv.dylib; sourceTree = SDKROOT; };
		F0C729321945B9D00093DD75 /* CoreDataStack.h */ = {isa = PBXFileReference; fileEncoding = 4; lastKnownFileType = sourcecode.c.h; path = CoreDataStack.h; sourceTree = "<group>"; };
		F0C729331945B9D00093DD75 /* CoreDataStack.m */ = {isa = PBXFileReference; fileEncoding = 4; lastKnownFileType = sourcecode.c.objc; path = CoreDataStack.m; sourceTree = "<group>"; };
		F0C729361946B5CD0093DD75 /* RCVideo.h */ = {isa = PBXFileReference; fileEncoding = 4; lastKnownFileType = sourcecode.c.h; path = RCVideo.h; sourceTree = "<group>"; };
		F0C729371946B5CD0093DD75 /* RCVideo.m */ = {isa = PBXFileReference; fileEncoding = 4; lastKnownFileType = sourcecode.c.objc; path = RCVideo.m; sourceTree = "<group>"; };
		F0C7293A1946B5CD0093DD75 /* RCUser.h */ = {isa = PBXFileReference; fileEncoding = 4; lastKnownFileType = sourcecode.c.h; path = RCUser.h; sourceTree = "<group>"; };
		F0C7293B1946B5CD0093DD75 /* RCUser.m */ = {isa = PBXFileReference; fileEncoding = 4; lastKnownFileType = sourcecode.c.objc; path = RCUser.m; sourceTree = "<group>"; };
		F0D02F6F1920B76B005F3422 /* AVFoundation.framework */ = {isa = PBXFileReference; lastKnownFileType = wrapper.framework; name = AVFoundation.framework; path = System/Library/Frameworks/AVFoundation.framework; sourceTree = SDKROOT; };
		F0FCCCD51921E97D00B9CF7D /* RCConstant.h */ = {isa = PBXFileReference; fileEncoding = 4; lastKnownFileType = sourcecode.c.h; path = RCConstant.h; sourceTree = "<group>"; };
		F0FCCCD61921E97D00B9CF7D /* RCConstant.m */ = {isa = PBXFileReference; fileEncoding = 4; lastKnownFileType = sourcecode.c.objc; path = RCConstant.m; sourceTree = "<group>"; };
		F0FCCCD91921EB7D00B9CF7D /* RCUtility.h */ = {isa = PBXFileReference; fileEncoding = 4; lastKnownFileType = sourcecode.c.h; path = RCUtility.h; sourceTree = "<group>"; };
		F0FCCCDA1921EB7D00B9CF7D /* RCUtility.m */ = {isa = PBXFileReference; fileEncoding = 4; lastKnownFileType = sourcecode.c.objc; path = RCUtility.m; sourceTree = "<group>"; };
		F0FCCCDD1921EC0C00B9CF7D /* AmazonClientManager.h */ = {isa = PBXFileReference; fileEncoding = 4; lastKnownFileType = sourcecode.c.h; path = AmazonClientManager.h; sourceTree = "<group>"; };
		F0FCCCDE1921EC0C00B9CF7D /* AmazonClientManager.m */ = {isa = PBXFileReference; fileEncoding = 4; lastKnownFileType = sourcecode.c.objc; path = AmazonClientManager.m; sourceTree = "<group>"; };
		F0FCCCE11921EC2A00B9CF7D /* AWSRuntime.framework */ = {isa = PBXFileReference; lastKnownFileType = wrapper.framework; path = AWSRuntime.framework; sourceTree = "<group>"; };
		F0FCCCE21921EC2A00B9CF7D /* AWSS3.framework */ = {isa = PBXFileReference; lastKnownFileType = wrapper.framework; path = AWSS3.framework; sourceTree = "<group>"; };
		F0FCCCE81921FB6500B9CF7D /* AmazonKeyChainWrapper.h */ = {isa = PBXFileReference; fileEncoding = 4; lastKnownFileType = sourcecode.c.h; path = AmazonKeyChainWrapper.h; sourceTree = "<group>"; };
		F0FCCCE91921FB6500B9CF7D /* AmazonKeyChainWrapper.m */ = {isa = PBXFileReference; fileEncoding = 4; lastKnownFileType = sourcecode.c.objc; path = AmazonKeyChainWrapper.m; sourceTree = "<group>"; };
		F0FCCCEA1921FB6500B9CF7D /* AmazonTVMClient.h */ = {isa = PBXFileReference; fileEncoding = 4; lastKnownFileType = sourcecode.c.h; path = AmazonTVMClient.h; sourceTree = "<group>"; };
		F0FCCCEB1921FB6500B9CF7D /* AmazonTVMClient.m */ = {isa = PBXFileReference; fileEncoding = 4; lastKnownFileType = sourcecode.c.objc; path = AmazonTVMClient.m; sourceTree = "<group>"; };
		F0FCCCEC1921FB6500B9CF7D /* Crypto.h */ = {isa = PBXFileReference; fileEncoding = 4; lastKnownFileType = sourcecode.c.h; path = Crypto.h; sourceTree = "<group>"; };
		F0FCCCED1921FB6500B9CF7D /* Crypto.m */ = {isa = PBXFileReference; fileEncoding = 4; lastKnownFileType = sourcecode.c.objc; path = Crypto.m; sourceTree = "<group>"; };
		F0FCCCEE1921FB6500B9CF7D /* GetTokenRequest.h */ = {isa = PBXFileReference; fileEncoding = 4; lastKnownFileType = sourcecode.c.h; path = GetTokenRequest.h; sourceTree = "<group>"; };
		F0FCCCEF1921FB6500B9CF7D /* GetTokenRequest.m */ = {isa = PBXFileReference; fileEncoding = 4; lastKnownFileType = sourcecode.c.objc; path = GetTokenRequest.m; sourceTree = "<group>"; };
		F0FCCCF01921FB6500B9CF7D /* GetTokenResponse.h */ = {isa = PBXFileReference; fileEncoding = 4; lastKnownFileType = sourcecode.c.h; path = GetTokenResponse.h; sourceTree = "<group>"; };
		F0FCCCF11921FB6500B9CF7D /* GetTokenResponse.m */ = {isa = PBXFileReference; fileEncoding = 4; lastKnownFileType = sourcecode.c.objc; path = GetTokenResponse.m; sourceTree = "<group>"; };
		F0FCCCF21921FB6500B9CF7D /* GetTokenResponseHandler.h */ = {isa = PBXFileReference; fileEncoding = 4; lastKnownFileType = sourcecode.c.h; path = GetTokenResponseHandler.h; sourceTree = "<group>"; };
		F0FCCCF31921FB6500B9CF7D /* GetTokenResponseHandler.m */ = {isa = PBXFileReference; fileEncoding = 4; lastKnownFileType = sourcecode.c.objc; path = GetTokenResponseHandler.m; sourceTree = "<group>"; };
		F0FCCCF41921FB6500B9CF7D /* JSONUtilities.h */ = {isa = PBXFileReference; fileEncoding = 4; lastKnownFileType = sourcecode.c.h; path = JSONUtilities.h; sourceTree = "<group>"; };
		F0FCCCF51921FB6500B9CF7D /* JSONUtilities.m */ = {isa = PBXFileReference; fileEncoding = 4; lastKnownFileType = sourcecode.c.objc; path = JSONUtilities.m; sourceTree = "<group>"; };
		F0FCCCF61921FB6500B9CF7D /* RegisterDeviceRequest.h */ = {isa = PBXFileReference; fileEncoding = 4; lastKnownFileType = sourcecode.c.h; path = RegisterDeviceRequest.h; sourceTree = "<group>"; };
		F0FCCCF71921FB6500B9CF7D /* RegisterDeviceRequest.m */ = {isa = PBXFileReference; fileEncoding = 4; lastKnownFileType = sourcecode.c.objc; path = RegisterDeviceRequest.m; sourceTree = "<group>"; };
		F0FCCCF81921FB6500B9CF7D /* RequestTVM.h */ = {isa = PBXFileReference; fileEncoding = 4; lastKnownFileType = sourcecode.c.h; path = RequestTVM.h; sourceTree = "<group>"; };
		F0FCCCF91921FB6500B9CF7D /* RequestTVM.m */ = {isa = PBXFileReference; fileEncoding = 4; lastKnownFileType = sourcecode.c.objc; path = RequestTVM.m; sourceTree = "<group>"; };
		F0FCCCFA1921FB6500B9CF7D /* RequestDelegate.h */ = {isa = PBXFileReference; fileEncoding = 4; lastKnownFileType = sourcecode.c.h; path = RequestDelegate.h; sourceTree = "<group>"; };
		F0FCCCFB1921FB6500B9CF7D /* RequestDelegate.m */ = {isa = PBXFileReference; fileEncoding = 4; lastKnownFileType = sourcecode.c.objc; path = RequestDelegate.m; sourceTree = "<group>"; };
		F0FCCCFC1921FB6500B9CF7D /* Response.h */ = {isa = PBXFileReference; fileEncoding = 4; lastKnownFileType = sourcecode.c.h; path = Response.h; sourceTree = "<group>"; };
		F0FCCCFD1921FB6500B9CF7D /* Response.m */ = {isa = PBXFileReference; fileEncoding = 4; lastKnownFileType = sourcecode.c.objc; path = Response.m; sourceTree = "<group>"; };
		F0FCCCFE1921FB6500B9CF7D /* ResponseHandler.h */ = {isa = PBXFileReference; fileEncoding = 4; lastKnownFileType = sourcecode.c.h; path = ResponseHandler.h; sourceTree = "<group>"; };
		F0FCCCFF1921FB6500B9CF7D /* ResponseHandler.m */ = {isa = PBXFileReference; fileEncoding = 4; lastKnownFileType = sourcecode.c.objc; path = ResponseHandler.m; sourceTree = "<group>"; };
/* End PBXFileReference section */

/* Begin PBXFrameworksBuildPhase section */
		F0688B8E190CF1AA00E933F8 /* Frameworks */ = {
			isa = PBXFrameworksBuildPhase;
			buildActionMask = 2147483647;
			files = (
				F0C5007B193EF47A00A3F63D /* libresolv.dylib in Frameworks */,
				F0C50079193EF46900A3F63D /* libxml2.dylib in Frameworks */,
				F0C50077193EF45B00A3F63D /* libz.1.2.5.dylib in Frameworks */,
				F0C50075193EF43D00A3F63D /* Security.framework in Frameworks */,
				F0C50073193EF42C00A3F63D /* Accelerate.framework in Frameworks */,
				F0C50071193EF41F00A3F63D /* AudioToolbox.framework in Frameworks */,
				F0C5006F193EF40900A3F63D /* CoreLocation.framework in Frameworks */,
				F0C5006D193EF3EF00A3F63D /* SystemConfiguration.framework in Frameworks */,
				F0C5006B193EF3E500A3F63D /* CFNetwork.framework in Frameworks */,
				F0BB8FD91930A66A001FCF16 /* MediaPlayer.framework in Frameworks */,
				F0BB8FD71930A61C001FCF16 /* CoreVideo.framework in Frameworks */,
				F0BB8FD51930A611001FCF16 /* CoreMedia.framework in Frameworks */,
				F0BB8FD31930A609001FCF16 /* AssetsLibrary.framework in Frameworks */,
				F0BB8FD11930A5FC001FCF16 /* QuartzCore.framework in Frameworks */,
				F0BB8FBB192A5C57001FCF16 /* MobileCoreServices.framework in Frameworks */,
				F0BB8FCF1930A5D6001FCF16 /* OpenGLES.framework in Frameworks */,
				F0D02F701920B76B005F3422 /* AVFoundation.framework in Frameworks */,
				F0C50068193EF3BB00A3F63D /* Quickblox.framework in Frameworks */,
				F0688B97190CF1AA00E933F8 /* CoreGraphics.framework in Frameworks */,
				F0FCCCE51921EC2A00B9CF7D /* AWSS3.framework in Frameworks */,
				F0688B9B190CF1AA00E933F8 /* CoreData.framework in Frameworks */,
				F0688B99190CF1AA00E933F8 /* UIKit.framework in Frameworks */,
				F0B2DADC191A33BE00226963 /* FFEF.framework in Frameworks */,
				F0688B95190CF1AA00E933F8 /* Foundation.framework in Frameworks */,
				BE1DE700214E48528F84B761 /* libPods.a in Frameworks */,
				F0FCCCE31921EC2A00B9CF7D /* AWSRuntime.framework in Frameworks */,
			);
			runOnlyForDeploymentPostprocessing = 0;
		};
		F0688BB7190CF1AB00E933F8 /* Frameworks */ = {
			isa = PBXFrameworksBuildPhase;
			buildActionMask = 2147483647;
			files = (
				F0688BBC190CF1AB00E933F8 /* XCTest.framework in Frameworks */,
				F0688BBF190CF1AB00E933F8 /* CoreData.framework in Frameworks */,
				F0FCCCE61921EC2A00B9CF7D /* AWSS3.framework in Frameworks */,
				F0688BBE190CF1AB00E933F8 /* UIKit.framework in Frameworks */,
				F0FCCCE41921EC2A00B9CF7D /* AWSRuntime.framework in Frameworks */,
				F0688BBD190CF1AB00E933F8 /* Foundation.framework in Frameworks */,
				F0C50069193EF3BB00A3F63D /* Quickblox.framework in Frameworks */,
			);
			runOnlyForDeploymentPostprocessing = 0;
		};
/* End PBXFrameworksBuildPhase section */

/* Begin PBXGroup section */
		F0688B88190CF1AA00E933F8 = {
			isa = PBXGroup;
			children = (
				F0688B9C190CF1AA00E933F8 /* RainbowChat */,
				F0688BC2190CF1AB00E933F8 /* RainbowChatTests */,
				F0688B93190CF1AA00E933F8 /* Frameworks */,
				F0688B92190CF1AA00E933F8 /* Products */,
				1B0DCF6B15064A5EAC9DC14B /* Pods.xcconfig */,
			);
			sourceTree = "<group>";
		};
		F0688B92190CF1AA00E933F8 /* Products */ = {
			isa = PBXGroup;
			children = (
				F0688B91190CF1AA00E933F8 /* rainbowchat.app */,
				F0688BBA190CF1AB00E933F8 /* RainbowChatTests.xctest */,
			);
			name = Products;
			sourceTree = "<group>";
		};
		F0688B93190CF1AA00E933F8 /* Frameworks */ = {
			isa = PBXGroup;
			children = (
				F0C5007A193EF47A00A3F63D /* libresolv.dylib */,
				F0C50078193EF46800A3F63D /* libxml2.dylib */,
				F0C50076193EF45B00A3F63D /* libz.1.2.5.dylib */,
				F0C50074193EF43D00A3F63D /* Security.framework */,
				F0C50072193EF42B00A3F63D /* Accelerate.framework */,
				F0C50070193EF41F00A3F63D /* AudioToolbox.framework */,
				F0C5006E193EF40900A3F63D /* CoreLocation.framework */,
				F0C5006C193EF3EF00A3F63D /* SystemConfiguration.framework */,
				F0C5006A193EF3E500A3F63D /* CFNetwork.framework */,
				F0C50067193EF3BB00A3F63D /* Quickblox.framework */,
				F0BB8FD81930A66A001FCF16 /* MediaPlayer.framework */,
				F0BB8FD61930A61C001FCF16 /* CoreVideo.framework */,
				F0BB8FD41930A611001FCF16 /* CoreMedia.framework */,
				F0BB8FD21930A609001FCF16 /* AssetsLibrary.framework */,
				F0BB8FD01930A5FC001FCF16 /* QuartzCore.framework */,
				F0BB8FCE1930A5D6001FCF16 /* OpenGLES.framework */,
				F0BB8FBA192A5C57001FCF16 /* MobileCoreServices.framework */,
				F0FCCCE11921EC2A00B9CF7D /* AWSRuntime.framework */,
				F0FCCCE21921EC2A00B9CF7D /* AWSS3.framework */,
				F0D02F6F1920B76B005F3422 /* AVFoundation.framework */,
				F0B2DADB191A33BE00226963 /* FFEF.framework */,
				F0688B94190CF1AA00E933F8 /* Foundation.framework */,
				F0688B96190CF1AA00E933F8 /* CoreGraphics.framework */,
				F0688B98190CF1AA00E933F8 /* UIKit.framework */,
				F0688B9A190CF1AA00E933F8 /* CoreData.framework */,
				F0688BBB190CF1AB00E933F8 /* XCTest.framework */,
				55A0B03D680A4613B49E5F4C /* libPods.a */,
			);
			name = Frameworks;
			sourceTree = "<group>";
		};
		F0688B9C190CF1AA00E933F8 /* RainbowChat */ = {
			isa = PBXGroup;
			children = (
				F0688BA5190CF1AB00E933F8 /* RCAppDelegate.h */,
				F0688BA6190CF1AB00E933F8 /* RCAppDelegate.m */,
				F0B2DADD191A39F800226963 /* API */,
				F0688D0419125F0A00E933F8 /* View */,
				F0688D0319125F0300E933F8 /* Controller */,
				F0688D0219125EFD00E933F8 /* Model */,
				F0688BB4190CF1AB00E933F8 /* Images.xcassets */,
				F0B2DAF3191B9AD600226963 /* External */,
				F0688B9D190CF1AA00E933F8 /* Supporting Files */,
			);
			path = RainbowChat;
			sourceTree = "<group>";
		};
		F0688B9D190CF1AA00E933F8 /* Supporting Files */ = {
			isa = PBXGroup;
			children = (
				F0688B9E190CF1AA00E933F8 /* RainbowChat-Info.plist */,
				F0688B9F190CF1AA00E933F8 /* InfoPlist.strings */,
				F0688BA2190CF1AB00E933F8 /* main.m */,
				F0688BA4190CF1AB00E933F8 /* RainbowChat-Prefix.pch */,
			);
			name = "Supporting Files";
			sourceTree = "<group>";
		};
		F0688BC2190CF1AB00E933F8 /* RainbowChatTests */ = {
			isa = PBXGroup;
			children = (
				F0688BC8190CF1AB00E933F8 /* RainbowChatTests.m */,
				F0688BC3190CF1AB00E933F8 /* Supporting Files */,
			);
			path = RainbowChatTests;
			sourceTree = "<group>";
		};
		F0688BC3190CF1AB00E933F8 /* Supporting Files */ = {
			isa = PBXGroup;
			children = (
				F0688BC4190CF1AB00E933F8 /* RainbowChatTests-Info.plist */,
				F0688BC5190CF1AB00E933F8 /* InfoPlist.strings */,
			);
			name = "Supporting Files";
			sourceTree = "<group>";
		};
		F0688D0219125EFD00E933F8 /* Model */ = {
			isa = PBXGroup;
			children = (
				F0C729361946B5CD0093DD75 /* RCVideo.h */,
				F0C729371946B5CD0093DD75 /* RCVideo.m */,
				F0C7293A1946B5CD0093DD75 /* RCUser.h */,
				F0C7293B1946B5CD0093DD75 /* RCUser.m */,
				F0688BAB190CF1AB00E933F8 /* RainbowChat.xcdatamodeld */,
			);
			name = Model;
			sourceTree = "<group>";
		};
		F0688D0319125F0300E933F8 /* Controller */ = {
			isa = PBXGroup;
			children = (
				F0B2DAEE191A404200226963 /* Main */,
				F0B2DAED191A402C00226963 /* Auth */,
			);
			name = Controller;
			sourceTree = "<group>";
		};
		F0688D0419125F0A00E933F8 /* View */ = {
			isa = PBXGroup;
			children = (
				F0688BA8190CF1AB00E933F8 /* Main.storyboard */,
				F0BB8FC0192B1369001FCF16 /* RCPreviewView.h */,
				F0BB8FC1192B1369001FCF16 /* RCPreviewView.m */,
				F0BB8FC41930A316001FCF16 /* ShaderUtilities.c */,
				F0BB8FC51930A316001FCF16 /* ShaderUtilities.h */,
				F0BB8FC61930A316001FCF16 /* passThrough.fsh */,
				F0BB8FC71930A316001FCF16 /* passThrough.vsh */,
			);
			name = View;
			sourceTree = "<group>";
		};
		F0B2DADD191A39F800226963 /* API */ = {
			isa = PBXGroup;
			children = (
				F0C729311945B9A90093DD75 /* CoreDataStack */,
				F0FCCCE71921FB5000B9CF7D /* TVM */,
				F0FCCCDD1921EC0C00B9CF7D /* AmazonClientManager.h */,
				F0FCCCDE1921EC0C00B9CF7D /* AmazonClientManager.m */,
				F0B2DADE191A3A1300226963 /* RCFatFractal.h */,
				F0B2DADF191A3A1300226963 /* RCFatFractal.m */,
				F0FCCCD51921E97D00B9CF7D /* RCConstant.h */,
				F0FCCCD61921E97D00B9CF7D /* RCConstant.m */,
				F0FCCCD91921EB7D00B9CF7D /* RCUtility.h */,
				F0FCCCDA1921EB7D00B9CF7D /* RCUtility.m */,
			);
			name = API;
			sourceTree = "<group>";
		};
		F0B2DAED191A402C00226963 /* Auth */ = {
			isa = PBXGroup;
			children = (
				F0B2DAE4191A3FE000226963 /* RCWelcomeViewController.h */,
				F0B2DAE5191A3FE000226963 /* RCWelcomeViewController.m */,
				F0B2DAE7191A400900226963 /* RCSignupViewController.h */,
				F0B2DAE8191A400900226963 /* RCSignupViewController.m */,
				F0B2DAEA191A401D00226963 /* RCLoginViewController.h */,
				F0B2DAEB191A401D00226963 /* RCLoginViewController.m */,
			);
			name = Auth;
			sourceTree = "<group>";
		};
		F0B2DAEE191A404200226963 /* Main */ = {
			isa = PBXGroup;
			children = (
				F0BB8FBC192A5F9E001FCF16 /* RCVideoProcessor.h */,
				F0BB8FBD192A5F9E001FCF16 /* RCVideoProcessor.m */,
				F0688BAE190CF1AB00E933F8 /* RCMasterViewController.h */,
				F0688BAF190CF1AB00E933F8 /* RCMasterViewController.m */,
				F0688BB1190CF1AB00E933F8 /* RCDetailViewController.h */,
				F0688BB2190CF1AB00E933F8 /* RCDetailViewController.m */,
			);
			name = Main;
			sourceTree = "<group>";
		};
		F0B2DAF3191B9AD600226963 /* External */ = {
			isa = PBXGroup;
			children = (
				F0B2DAF4191CA2DE00226963 /* KeychainItemWrapper.h */,
				F0B2DAF5191CA2DE00226963 /* KeychainItemWrapper.m */,
			);
			name = External;
			sourceTree = "<group>";
		};
		F0C729311945B9A90093DD75 /* CoreDataStack */ = {
			isa = PBXGroup;
			children = (
				F0C729321945B9D00093DD75 /* CoreDataStack.h */,
				F0C729331945B9D00093DD75 /* CoreDataStack.m */,
			);
			name = CoreDataStack;
			sourceTree = "<group>";
		};
		F0FCCCE71921FB5000B9CF7D /* TVM */ = {
			isa = PBXGroup;
			children = (
				F0FCCCE81921FB6500B9CF7D /* AmazonKeyChainWrapper.h */,
				F0FCCCE91921FB6500B9CF7D /* AmazonKeyChainWrapper.m */,
				F0FCCCEA1921FB6500B9CF7D /* AmazonTVMClient.h */,
				F0FCCCEB1921FB6500B9CF7D /* AmazonTVMClient.m */,
				F0FCCCEC1921FB6500B9CF7D /* Crypto.h */,
				F0FCCCED1921FB6500B9CF7D /* Crypto.m */,
				F0FCCCEE1921FB6500B9CF7D /* GetTokenRequest.h */,
				F0FCCCEF1921FB6500B9CF7D /* GetTokenRequest.m */,
				F0FCCCF01921FB6500B9CF7D /* GetTokenResponse.h */,
				F0FCCCF11921FB6500B9CF7D /* GetTokenResponse.m */,
				F0FCCCF21921FB6500B9CF7D /* GetTokenResponseHandler.h */,
				F0FCCCF31921FB6500B9CF7D /* GetTokenResponseHandler.m */,
				F0FCCCF41921FB6500B9CF7D /* JSONUtilities.h */,
				F0FCCCF51921FB6500B9CF7D /* JSONUtilities.m */,
				F0FCCCF61921FB6500B9CF7D /* RegisterDeviceRequest.h */,
				F0FCCCF71921FB6500B9CF7D /* RegisterDeviceRequest.m */,
				F0FCCCF81921FB6500B9CF7D /* RequestTVM.h */,
				F0FCCCF91921FB6500B9CF7D /* RequestTVM.m */,
				F0FCCCFA1921FB6500B9CF7D /* RequestDelegate.h */,
				F0FCCCFB1921FB6500B9CF7D /* RequestDelegate.m */,
				F0FCCCFC1921FB6500B9CF7D /* Response.h */,
				F0FCCCFD1921FB6500B9CF7D /* Response.m */,
				F0FCCCFE1921FB6500B9CF7D /* ResponseHandler.h */,
				F0FCCCFF1921FB6500B9CF7D /* ResponseHandler.m */,
			);
			name = TVM;
			sourceTree = "<group>";
		};
/* End PBXGroup section */

/* Begin PBXNativeTarget section */
		F0688B90190CF1AA00E933F8 /* RainbowChat */ = {
			isa = PBXNativeTarget;
			buildConfigurationList = F0688BCC190CF1AB00E933F8 /* Build configuration list for PBXNativeTarget "RainbowChat" */;
			buildPhases = (
				4C92F7F57B5146B6AF3559C1 /* Check Pods Manifest.lock */,
				F0688B8D190CF1AA00E933F8 /* Sources */,
				F0688B8E190CF1AA00E933F8 /* Frameworks */,
				F0688B8F190CF1AA00E933F8 /* Resources */,
				576EF8A33F6F4D85B12AF477 /* Copy Pods Resources */,
			);
			buildRules = (
			);
			dependencies = (
			);
			name = RainbowChat;
			productName = RainbowChat;
			productReference = F0688B91190CF1AA00E933F8 /* rainbowchat.app */;
			productType = "com.apple.product-type.application";
		};
		F0688BB9190CF1AB00E933F8 /* RainbowChatTests */ = {
			isa = PBXNativeTarget;
			buildConfigurationList = F0688BCF190CF1AB00E933F8 /* Build configuration list for PBXNativeTarget "RainbowChatTests" */;
			buildPhases = (
				F0688BB6190CF1AB00E933F8 /* Sources */,
				F0688BB7190CF1AB00E933F8 /* Frameworks */,
				F0688BB8190CF1AB00E933F8 /* Resources */,
			);
			buildRules = (
			);
			dependencies = (
				F0688BC1190CF1AB00E933F8 /* PBXTargetDependency */,
			);
			name = RainbowChatTests;
			productName = RainbowChatTests;
			productReference = F0688BBA190CF1AB00E933F8 /* RainbowChatTests.xctest */;
			productType = "com.apple.product-type.bundle.unit-test";
		};
/* End PBXNativeTarget section */

/* Begin PBXProject section */
		F0688B89190CF1AA00E933F8 /* Project object */ = {
			isa = PBXProject;
			attributes = {
				CLASSPREFIX = RC;
				LastUpgradeCheck = 0510;
				ORGANIZATIONNAME = lephuocdai;
				TargetAttributes = {
					F0688B90190CF1AA00E933F8 = {
						DevelopmentTeam = FYF5789L32;
					};
					F0688BB9190CF1AB00E933F8 = {
						TestTargetID = F0688B90190CF1AA00E933F8;
					};
				};
			};
			buildConfigurationList = F0688B8C190CF1AA00E933F8 /* Build configuration list for PBXProject "RainbowChat" */;
			compatibilityVersion = "Xcode 3.2";
			developmentRegion = English;
			hasScannedForEncodings = 0;
			knownRegions = (
				en,
				Base,
			);
			mainGroup = F0688B88190CF1AA00E933F8;
			productRefGroup = F0688B92190CF1AA00E933F8 /* Products */;
			projectDirPath = "";
			projectRoot = "";
			targets = (
				F0688B90190CF1AA00E933F8 /* RainbowChat */,
				F0688BB9190CF1AB00E933F8 /* RainbowChatTests */,
			);
		};
/* End PBXProject section */

/* Begin PBXResourcesBuildPhase section */
		F0688B8F190CF1AA00E933F8 /* Resources */ = {
			isa = PBXResourcesBuildPhase;
			buildActionMask = 2147483647;
			files = (
				F0BB8FCC1930A316001FCF16 /* passThrough.vsh in Resources */,
				F0688BB5190CF1AB00E933F8 /* Images.xcassets in Resources */,
				F0688BA1190CF1AA00E933F8 /* InfoPlist.strings in Resources */,
				F0BB8FCA1930A316001FCF16 /* passThrough.fsh in Resources */,
				F0688BAA190CF1AB00E933F8 /* Main.storyboard in Resources */,
			);
			runOnlyForDeploymentPostprocessing = 0;
		};
		F0688BB8190CF1AB00E933F8 /* Resources */ = {
			isa = PBXResourcesBuildPhase;
			buildActionMask = 2147483647;
			files = (
				F0BB8FCB1930A316001FCF16 /* passThrough.fsh in Resources */,
				F0688BC7190CF1AB00E933F8 /* InfoPlist.strings in Resources */,
				F0BB8FCD1930A316001FCF16 /* passThrough.vsh in Resources */,
				F0BB8FB71929F700001FCF16 /* Main.storyboard in Resources */,
			);
			runOnlyForDeploymentPostprocessing = 0;
		};
/* End PBXResourcesBuildPhase section */

/* Begin PBXShellScriptBuildPhase section */
		4C92F7F57B5146B6AF3559C1 /* Check Pods Manifest.lock */ = {
			isa = PBXShellScriptBuildPhase;
			buildActionMask = 2147483647;
			files = (
			);
			inputPaths = (
			);
			name = "Check Pods Manifest.lock";
			outputPaths = (
			);
			runOnlyForDeploymentPostprocessing = 0;
			shellPath = /bin/sh;
			shellScript = "diff \"${PODS_ROOT}/../Podfile.lock\" \"${PODS_ROOT}/Manifest.lock\" > /dev/null\nif [[ $? != 0 ]] ; then\n    cat << EOM\nerror: The sandbox is not in sync with the Podfile.lock. Run 'pod install' or update your CocoaPods installation.\nEOM\n    exit 1\nfi\n";
			showEnvVarsInLog = 0;
		};
		576EF8A33F6F4D85B12AF477 /* Copy Pods Resources */ = {
			isa = PBXShellScriptBuildPhase;
			buildActionMask = 2147483647;
			files = (
			);
			inputPaths = (
			);
			name = "Copy Pods Resources";
			outputPaths = (
			);
			runOnlyForDeploymentPostprocessing = 0;
			shellPath = /bin/sh;
			shellScript = "\"${SRCROOT}/Pods/Pods-resources.sh\"\n";
			showEnvVarsInLog = 0;
		};
/* End PBXShellScriptBuildPhase section */

/* Begin PBXSourcesBuildPhase section */
		F0688B8D190CF1AA00E933F8 /* Sources */ = {
			isa = PBXSourcesBuildPhase;
			buildActionMask = 2147483647;
			files = (
				F0FCCD0C1921FB6500B9CF7D /* JSONUtilities.m in Sources */,
				F0FCCD041921FB6500B9CF7D /* Crypto.m in Sources */,
				F0FCCD021921FB6500B9CF7D /* AmazonTVMClient.m in Sources */,
				F0688BA3190CF1AB00E933F8 /* main.m in Sources */,
				F0688BA7190CF1AB00E933F8 /* RCAppDelegate.m in Sources */,
				F0C729341945B9D00093DD75 /* CoreDataStack.m in Sources */,
				F0BB8FBE192A5F9E001FCF16 /* RCVideoProcessor.m in Sources */,
				F0688BAD190CF1AB00E933F8 /* RainbowChat.xcdatamodeld in Sources */,
				F0688BB3190CF1AB00E933F8 /* RCDetailViewController.m in Sources */,
				F0FCCCDF1921EC0C00B9CF7D /* AmazonClientManager.m in Sources */,
				F0FCCD161921FB6500B9CF7D /* ResponseHandler.m in Sources */,
				F0C729381946B5CD0093DD75 /* RCVideo.m in Sources */,
				F0C7293C1946B5CD0093DD75 /* RCUser.m in Sources */,
				F0FCCD001921FB6500B9CF7D /* AmazonKeyChainWrapper.m in Sources */,
				F0B2DAEC191A401D00226963 /* RCLoginViewController.m in Sources */,
				F0B2DAE6191A3FE000226963 /* RCWelcomeViewController.m in Sources */,
				F0B2DAF6191CA2DE00226963 /* KeychainItemWrapper.m in Sources */,
				F0BB8FC2192B1369001FCF16 /* RCPreviewView.m in Sources */,
				F0B2DAE9191A400900226963 /* RCSignupViewController.m in Sources */,
				F0FCCCD71921E97D00B9CF7D /* RCConstant.m in Sources */,
				F0FCCD141921FB6500B9CF7D /* Response.m in Sources */,
				F0FCCD0E1921FB6500B9CF7D /* RegisterDeviceRequest.m in Sources */,
				F0BB8FC81930A316001FCF16 /* ShaderUtilities.c in Sources */,
				F0FCCD0A1921FB6500B9CF7D /* GetTokenResponseHandler.m in Sources */,
				F0FCCD061921FB6500B9CF7D /* GetTokenRequest.m in Sources */,
				F0FCCD121921FB6500B9CF7D /* RequestDelegate.m in Sources */,
				F0FCCD101921FB6500B9CF7D /* RequestTVM.m in Sources */,
				F0B2DAE0191A3A1300226963 /* RCFatFractal.m in Sources */,
				F0FCCD081921FB6500B9CF7D /* GetTokenResponse.m in Sources */,
				F0688BB0190CF1AB00E933F8 /* RCMasterViewController.m in Sources */,
				F0FCCCDB1921EB7D00B9CF7D /* RCUtility.m in Sources */,
			);
			runOnlyForDeploymentPostprocessing = 0;
		};
		F0688BB6190CF1AB00E933F8 /* Sources */ = {
			isa = PBXSourcesBuildPhase;
			buildActionMask = 2147483647;
			files = (
				F0FCCD0F1921FB6500B9CF7D /* RegisterDeviceRequest.m in Sources */,
				F0FCCD0D1921FB6500B9CF7D /* JSONUtilities.m in Sources */,
				F0C729391946B5CD0093DD75 /* RCVideo.m in Sources */,
				F0FCCD131921FB6500B9CF7D /* RequestDelegate.m in Sources */,
				F0FCCCE01921EC0C00B9CF7D /* AmazonClientManager.m in Sources */,
				F0FCCCDC1921EB7D00B9CF7D /* RCUtility.m in Sources */,
				F0FCCD171921FB6500B9CF7D /* ResponseHandler.m in Sources */,
				F0FCCD0B1921FB6500B9CF7D /* GetTokenResponseHandler.m in Sources */,
				F0BB8FC91930A316001FCF16 /* ShaderUtilities.c in Sources */,
				F0C729351945B9D00093DD75 /* CoreDataStack.m in Sources */,
				F0C7293D1946B5CD0093DD75 /* RCUser.m in Sources */,
				F0FCCD051921FB6500B9CF7D /* Crypto.m in Sources */,
				F0FCCD111921FB6500B9CF7D /* RequestTVM.m in Sources */,
				F0FCCD091921FB6500B9CF7D /* GetTokenResponse.m in Sources */,
				F0BB8FBF192A5F9E001FCF16 /* RCVideoProcessor.m in Sources */,
				F0688BC9190CF1AB00E933F8 /* RainbowChatTests.m in Sources */,
				F0FCCCCF19211E4E00B9CF7D /* RCDetailViewController.m in Sources */,
				F0FCCD011921FB6500B9CF7D /* AmazonKeyChainWrapper.m in Sources */,
				F0FCCD151921FB6500B9CF7D /* Response.m in Sources */,
				F0FCCCD81921E97D00B9CF7D /* RCConstant.m in Sources */,
				F0FCCD031921FB6500B9CF7D /* AmazonTVMClient.m in Sources */,
				F0FCCD071921FB6500B9CF7D /* GetTokenRequest.m in Sources */,
				F0BB8FC3192B1369001FCF16 /* RCPreviewView.m in Sources */,
			);
			runOnlyForDeploymentPostprocessing = 0;
		};
/* End PBXSourcesBuildPhase section */

/* Begin PBXTargetDependency section */
		F0688BC1190CF1AB00E933F8 /* PBXTargetDependency */ = {
			isa = PBXTargetDependency;
			target = F0688B90190CF1AA00E933F8 /* RainbowChat */;
			targetProxy = F0688BC0190CF1AB00E933F8 /* PBXContainerItemProxy */;
		};
/* End PBXTargetDependency section */

/* Begin PBXVariantGroup section */
		F0688B9F190CF1AA00E933F8 /* InfoPlist.strings */ = {
			isa = PBXVariantGroup;
			children = (
				F0688BA0190CF1AA00E933F8 /* en */,
			);
			name = InfoPlist.strings;
			sourceTree = "<group>";
		};
		F0688BA8190CF1AB00E933F8 /* Main.storyboard */ = {
			isa = PBXVariantGroup;
			children = (
				F0688BA9190CF1AB00E933F8 /* Base */,
				F0BB8FB9192A01D8001FCF16 /* en */,
			);
			name = Main.storyboard;
			sourceTree = "<group>";
		};
		F0688BC5190CF1AB00E933F8 /* InfoPlist.strings */ = {
			isa = PBXVariantGroup;
			children = (
				F0688BC6190CF1AB00E933F8 /* en */,
			);
			name = InfoPlist.strings;
			sourceTree = "<group>";
		};
/* End PBXVariantGroup section */

/* Begin XCBuildConfiguration section */
		F0688BCA190CF1AB00E933F8 /* Debug */ = {
			isa = XCBuildConfiguration;
			buildSettings = {
				ALWAYS_SEARCH_USER_PATHS = NO;
				CLANG_CXX_LANGUAGE_STANDARD = "gnu++0x";
				CLANG_CXX_LIBRARY = "libc++";
				CLANG_ENABLE_MODULES = NO;
				CLANG_ENABLE_OBJC_ARC = YES;
				CLANG_WARN_BOOL_CONVERSION = YES;
				CLANG_WARN_CONSTANT_CONVERSION = YES;
				CLANG_WARN_DIRECT_OBJC_ISA_USAGE = YES_ERROR;
				CLANG_WARN_EMPTY_BODY = YES;
				CLANG_WARN_ENUM_CONVERSION = YES;
				CLANG_WARN_INT_CONVERSION = YES;
				CLANG_WARN_OBJC_ROOT_CLASS = YES_ERROR;
				CLANG_WARN__DUPLICATE_METHOD_MATCH = YES;
				"CODE_SIGN_IDENTITY[sdk=iphoneos*]" = "iPhone Developer";
				COPY_PHASE_STRIP = NO;
				GCC_C_LANGUAGE_STANDARD = gnu99;
				GCC_DYNAMIC_NO_PIC = NO;
				GCC_OPTIMIZATION_LEVEL = 0;
				GCC_PREPROCESSOR_DEFINITIONS = (
					"DEBUG=1",
					"$(inherited)",
				);
				GCC_SYMBOLS_PRIVATE_EXTERN = NO;
				GCC_WARN_64_TO_32_BIT_CONVERSION = YES;
				GCC_WARN_ABOUT_RETURN_TYPE = YES_ERROR;
				GCC_WARN_UNDECLARED_SELECTOR = YES;
				GCC_WARN_UNINITIALIZED_AUTOS = YES_AGGRESSIVE;
				GCC_WARN_UNUSED_FUNCTION = YES;
				GCC_WARN_UNUSED_VARIABLE = YES;
				IPHONEOS_DEPLOYMENT_TARGET = 7.1;
				ONLY_ACTIVE_ARCH = YES;
				SDKROOT = iphoneos;
			};
			name = Debug;
		};
		F0688BCB190CF1AB00E933F8 /* Release */ = {
			isa = XCBuildConfiguration;
			buildSettings = {
				ALWAYS_SEARCH_USER_PATHS = NO;
				CLANG_CXX_LANGUAGE_STANDARD = "gnu++0x";
				CLANG_CXX_LIBRARY = "libc++";
				CLANG_ENABLE_MODULES = NO;
				CLANG_ENABLE_OBJC_ARC = YES;
				CLANG_WARN_BOOL_CONVERSION = YES;
				CLANG_WARN_CONSTANT_CONVERSION = YES;
				CLANG_WARN_DIRECT_OBJC_ISA_USAGE = YES_ERROR;
				CLANG_WARN_EMPTY_BODY = YES;
				CLANG_WARN_ENUM_CONVERSION = YES;
				CLANG_WARN_INT_CONVERSION = YES;
				CLANG_WARN_OBJC_ROOT_CLASS = YES_ERROR;
				CLANG_WARN__DUPLICATE_METHOD_MATCH = YES;
				"CODE_SIGN_IDENTITY[sdk=iphoneos*]" = "iPhone Developer";
				COPY_PHASE_STRIP = YES;
				ENABLE_NS_ASSERTIONS = NO;
				GCC_C_LANGUAGE_STANDARD = gnu99;
				GCC_WARN_64_TO_32_BIT_CONVERSION = YES;
				GCC_WARN_ABOUT_RETURN_TYPE = YES_ERROR;
				GCC_WARN_UNDECLARED_SELECTOR = YES;
				GCC_WARN_UNINITIALIZED_AUTOS = YES_AGGRESSIVE;
				GCC_WARN_UNUSED_FUNCTION = YES;
				GCC_WARN_UNUSED_VARIABLE = YES;
				IPHONEOS_DEPLOYMENT_TARGET = 7.1;
				SDKROOT = iphoneos;
				VALIDATE_PRODUCT = YES;
			};
			name = Release;
		};
		F0688BCD190CF1AB00E933F8 /* Debug */ = {
			isa = XCBuildConfiguration;
			baseConfigurationReference = 1B0DCF6B15064A5EAC9DC14B /* Pods.xcconfig */;
			buildSettings = {
				ASSETCATALOG_COMPILER_APPICON_NAME = AppIcon;
				ASSETCATALOG_COMPILER_LAUNCHIMAGE_NAME = LaunchImage;
				CODE_SIGN_IDENTITY = "iPhone Developer";
				"CODE_SIGN_IDENTITY[sdk=iphoneos*]" = "iPhone Developer";
				FRAMEWORK_SEARCH_PATHS = (
					"$(inherited)",
					"$(PROJECT_DIR)",
				);
				GCC_PRECOMPILE_PREFIX_HEADER = YES;
				GCC_PREFIX_HEADER = "RainbowChat/RainbowChat-Prefix.pch";
				INFOPLIST_FILE = "RainbowChat/RainbowChat-Info.plist";
				OTHER_LDFLAGS = (
					"-ObjC",
					"-framework",
					CoreGraphics,
					"-framework",
					MobileCoreServices,
					"-framework",
					Security,
					"-framework",
					SystemConfiguration,
					"-lstdc++",
					"-lxml2",
				);
				PRODUCT_NAME = rainbowchat;
				PROVISIONING_PROFILE = "";
				WRAPPER_EXTENSION = app;
			};
			name = Debug;
		};
		F0688BCE190CF1AB00E933F8 /* Release */ = {
			isa = XCBuildConfiguration;
			baseConfigurationReference = 1B0DCF6B15064A5EAC9DC14B /* Pods.xcconfig */;
			buildSettings = {
				ASSETCATALOG_COMPILER_APPICON_NAME = AppIcon;
				ASSETCATALOG_COMPILER_LAUNCHIMAGE_NAME = LaunchImage;
				CODE_SIGN_IDENTITY = "iPhone Developer";
				"CODE_SIGN_IDENTITY[sdk=iphoneos*]" = "iPhone Developer";
				FRAMEWORK_SEARCH_PATHS = (
					"$(inherited)",
					"$(PROJECT_DIR)",
				);
				GCC_PRECOMPILE_PREFIX_HEADER = YES;
				GCC_PREFIX_HEADER = "RainbowChat/RainbowChat-Prefix.pch";
				INFOPLIST_FILE = "RainbowChat/RainbowChat-Info.plist";
				OTHER_LDFLAGS = (
					"-ObjC",
					"-framework",
					CoreGraphics,
					"-framework",
					MobileCoreServices,
					"-framework",
					Security,
					"-framework",
					SystemConfiguration,
					"-lstdc++",
					"-lxml2",
				);
				PRODUCT_NAME = rainbowchat;
				PROVISIONING_PROFILE = "";
				WRAPPER_EXTENSION = app;
			};
			name = Release;
		};
		F0688BD0190CF1AB00E933F8 /* Debug */ = {
			isa = XCBuildConfiguration;
			buildSettings = {
				BUNDLE_LOADER = "$(BUILT_PRODUCTS_DIR)/RainbowChat.app/RainbowChat";
				FRAMEWORK_SEARCH_PATHS = (
					"$(SDKROOT)/Developer/Library/Frameworks",
					"$(inherited)",
					"$(DEVELOPER_FRAMEWORKS_DIR)",
					"$(PROJECT_DIR)",
				);
				GCC_PRECOMPILE_PREFIX_HEADER = YES;
				GCC_PREFIX_HEADER = "RainbowChat/RainbowChat-Prefix.pch";
				GCC_PREPROCESSOR_DEFINITIONS = (
					"DEBUG=1",
					"$(inherited)",
				);
				INFOPLIST_FILE = "RainbowChatTests/RainbowChatTests-Info.plist";
				PRODUCT_NAME = "$(TARGET_NAME)";
				TEST_HOST = "$(BUNDLE_LOADER)";
				WRAPPER_EXTENSION = xctest;
			};
			name = Debug;
		};
		F0688BD1190CF1AB00E933F8 /* Release */ = {
			isa = XCBuildConfiguration;
			buildSettings = {
				BUNDLE_LOADER = "$(BUILT_PRODUCTS_DIR)/RainbowChat.app/RainbowChat";
				FRAMEWORK_SEARCH_PATHS = (
					"$(SDKROOT)/Developer/Library/Frameworks",
					"$(inherited)",
					"$(DEVELOPER_FRAMEWORKS_DIR)",
					"$(PROJECT_DIR)",
				);
				GCC_PRECOMPILE_PREFIX_HEADER = YES;
				GCC_PREFIX_HEADER = "RainbowChat/RainbowChat-Prefix.pch";
				INFOPLIST_FILE = "RainbowChatTests/RainbowChatTests-Info.plist";
				PRODUCT_NAME = "$(TARGET_NAME)";
				TEST_HOST = "$(BUNDLE_LOADER)";
				WRAPPER_EXTENSION = xctest;
			};
			name = Release;
		};
/* End XCBuildConfiguration section */

/* Begin XCConfigurationList section */
		F0688B8C190CF1AA00E933F8 /* Build configuration list for PBXProject "RainbowChat" */ = {
			isa = XCConfigurationList;
			buildConfigurations = (
				F0688BCA190CF1AB00E933F8 /* Debug */,
				F0688BCB190CF1AB00E933F8 /* Release */,
			);
			defaultConfigurationIsVisible = 0;
			defaultConfigurationName = Release;
		};
		F0688BCC190CF1AB00E933F8 /* Build configuration list for PBXNativeTarget "RainbowChat" */ = {
			isa = XCConfigurationList;
			buildConfigurations = (
				F0688BCD190CF1AB00E933F8 /* Debug */,
				F0688BCE190CF1AB00E933F8 /* Release */,
			);
			defaultConfigurationIsVisible = 0;
			defaultConfigurationName = Release;
		};
		F0688BCF190CF1AB00E933F8 /* Build configuration list for PBXNativeTarget "RainbowChatTests" */ = {
			isa = XCConfigurationList;
			buildConfigurations = (
				F0688BD0190CF1AB00E933F8 /* Debug */,
				F0688BD1190CF1AB00E933F8 /* Release */,
			);
			defaultConfigurationIsVisible = 0;
			defaultConfigurationName = Release;
		};
/* End XCConfigurationList section */

/* Begin XCVersionGroup section */
		F0688BAB190CF1AB00E933F8 /* RainbowChat.xcdatamodeld */ = {
			isa = XCVersionGroup;
			children = (
				F0688BAC190CF1AB00E933F8 /* RainbowChat.xcdatamodel */,
			);
			currentVersion = F0688BAC190CF1AB00E933F8 /* RainbowChat.xcdatamodel */;
			path = RainbowChat.xcdatamodeld;
			sourceTree = "<group>";
			versionGroupType = wrapper.xcdatamodel;
		};
/* End XCVersionGroup section */
	};
	rootObject = F0688B89190CF1AA00E933F8 /* Project object */;
}
